
Microsoft Visual Studio Solution File, Format Version 12.00
# Visual Studio 14
VisualStudioVersion = 14.0.25420.1
MinimumVisualStudioVersion = 10.0.40219.1
Project("{2150E333-8FDC-42A3-9474-1A3956D46DE8}") = "src", "src", "{B8982D27-5467-4EC2-A5DE-77A875980086}"
EndProject
Project("{2150E333-8FDC-42A3-9474-1A3956D46DE8}") = "Solution Items", "Solution Items", "{DEB5DBAB-0DB1-4DF6-98EF-F9C2141F365C}"
	ProjectSection(SolutionItems) = preProject
		global.json = global.json
	EndProjectSection
EndProject
Project("{8BB2217D-0F2D-49D1-97BC-3654ED321F3B}") = "Web", "src\Web\Web.xproj", "{4184DD46-CE4C-4225-9785-18BB77A1372F}"
EndProject
Global
	GlobalSection(SolutionConfigurationPlatforms) = preSolution
		Debug|Any CPU = Debug|Any CPU
		Release|Any CPU = Release|Any CPU
	EndGlobalSection
	GlobalSection(ProjectConfigurationPlatforms) = postSolution
		{4184DD46-CE4C-4225-9785-18BB77A1372F}.Debug|Any CPU.ActiveCfg = Debug|Any CPU
		{4184DD46-CE4C-4225-9785-18BB77A1372F}.Debug|Any CPU.Build.0 = Debug|Any CPU
		{4184DD46-CE4C-4225-9785-18BB77A1372F}.Release|Any CPU.ActiveCfg = Release|Any CPU
		{4184DD46-CE4C-4225-9785-18BB77A1372F}.Release|Any CPU.Build.0 = Release|Any CPU
	EndGlobalSection
	GlobalSection(SolutionProperties) = preSolution
		HideSolutionNode = FALSE
	EndGlobalSection
	GlobalSection(NestedProjects) = preSolution
		{4184DD46-CE4C-4225-9785-18BB77A1372F} = {B8982D27-5467-4EC2-A5DE-77A875980086}
	EndGlobalSection
EndGlobal
